// !$*UTF8*$!
{
	archiveVersion = 1;
	classes = {
	};
	objectVersion = 77;
	objects = {

/* Begin PBXBuildFile section */
		917E8CAB2F7B4E140077CE0A /* AppIcon.icon in Resources */ = {isa = PBXBuildFile; fileRef = 917E8CAA2F7B4E140077CE0A /* AppIcon.icon */; };
		917E8CAC2F7B4E140077CE0A /* AppIcon.icon in Resources */ = {isa = PBXBuildFile; fileRef = 917E8CAA2F7B4E140077CE0A /* AppIcon.icon */; };
		B00000000000000000000001 /* Sources/App/PreBabelLensApp.swift in Sources */ = {isa = PBXBuildFile; fileRef = F00000000000000000000001 /* Sources/App/PreBabelLensApp.swift */; };
		B00000000000000000000002 /* Sources/Domain/TranslationModels.swift in Sources */ = {isa = PBXBuildFile; fileRef = F00000000000000000000002 /* Sources/Domain/TranslationModels.swift */; };
		B00000000000000000000003 /* Sources/Domain/TranslationProtocols.swift in Sources */ = {isa = PBXBuildFile; fileRef = F00000000000000000000003 /* Sources/Domain/TranslationProtocols.swift */; };
		B00000000000000000000004 /* Sources/Engines/Preprocess/DeterministicPreprocessEngine.swift in Sources */ = {isa = PBXBuildFile; fileRef = F00000000000000000000004 /* Sources/Engines/Preprocess/DeterministicPreprocessEngine.swift */; };
		B00000000000000000000005 /* Sources/Engines/Translation/FoundationModelsTranslationEngine.swift in Sources */ = {isa = PBXBuildFile; fileRef = F00000000000000000000005 /* Sources/Engines/Translation/FoundationModelsTranslationEngine.swift */; };
		B00000000000000000000006 /* Sources/Engines/Translation/PlaceholderTranslationEngines.swift in Sources */ = {isa = PBXBuildFile; fileRef = F00000000000000000000006 /* Sources/Engines/Translation/PlaceholderTranslationEngines.swift */; };
		B00000000000000000000007 /* Sources/Features/Translation/TranslationView.swift in Sources */ = {isa = PBXBuildFile; fileRef = F00000000000000000000007 /* Sources/Features/Translation/TranslationView.swift */; };
		B00000000000000000000008 /* Sources/Features/Translation/TranslationViewModel.swift in Sources */ = {isa = PBXBuildFile; fileRef = F00000000000000000000008 /* Sources/Features/Translation/TranslationViewModel.swift */; };
		B00000000000000000000009 /* Sources/Services/AppleIntelligenceLanguageCatalog.swift in Sources */ = {isa = PBXBuildFile; fileRef = F00000000000000000000009 /* Sources/Services/AppleIntelligenceLanguageCatalog.swift */; };
		B00000000000000000000010 /* Sources/Services/ClipboardDoubleCopyDetector.swift in Sources */ = {isa = PBXBuildFile; fileRef = F0000000000000000000000A /* Sources/Services/ClipboardDoubleCopyDetector.swift */; };
		B00000000000000000000011 /* Sources/Services/EnginePolicies.swift in Sources */ = {isa = PBXBuildFile; fileRef = F0000000000000000000000B /* Sources/Services/EnginePolicies.swift */; };
		B00000000000000000000012 /* Sources/Services/TranslationOrchestrator.swift in Sources */ = {isa = PBXBuildFile; fileRef = F0000000000000000000000C /* Sources/Services/TranslationOrchestrator.swift */; };
		B00000000000000000000013 /* iOSApp/Base.lproj/LaunchScreen.storyboard in Resources */ = {isa = PBXBuildFile; fileRef = F00000000000000000000013 /* iOSApp/Base.lproj/LaunchScreen.storyboard */; };
		B00000000000000000000014 /* iOSApp/Settings.bundle in Resources */ = {isa = PBXBuildFile; fileRef = F00000000000000000000014 /* iOSApp/Settings.bundle */; };
		B00000000000000000000015 /* iOSApp/Shared/SharedImportStore.swift in Sources */ = {isa = PBXBuildFile; fileRef = F00000000000000000000015 /* iOSApp/Shared/SharedImportStore.swift */; };
		B00000000000000000000016 /* iOSShareExtension/ShareViewController.swift in Sources */ = {isa = PBXBuildFile; fileRef = F00000000000000000000018 /* iOSShareExtension/ShareViewController.swift */; };
		B00000000000000000000017 /* iOSApp/Shared/SharedImportStore.swift in Sources */ = {isa = PBXBuildFile; fileRef = F00000000000000000000015 /* iOSApp/Shared/SharedImportStore.swift */; };
		B00000000000000000000018 /* PreBabelLensShare.appex in Embed App Extensions */ = {isa = PBXBuildFile; fileRef = F0000000000000000000001B /* PreBabelLensShare.appex */; settings = {ATTRIBUTES = (RemoveHeadersOnCopy, ); }; };
/* End PBXBuildFile section */

/* Begin PBXContainerItemProxy section */
		X00000000000000000000001 /* PBXContainerItemProxy */ = {
			isa = PBXContainerItemProxy;
			containerPortal = R00000000000000000000001 /* Project object */;
			proxyType = 1;
			remoteGlobalIDString = T00000000000000000000002;
			remoteInfo = PreBabelLensShare;
		};
/* End PBXContainerItemProxy section */

/* Begin PBXCopyFilesBuildPhase section */
		P00000000000000000000004 /* Embed App Extensions */ = {
			isa = PBXCopyFilesBuildPhase;
			buildActionMask = 2147483647;
			dstPath = "";
			dstSubfolderSpec = 13;
			files = (
				B00000000000000000000018 /* PreBabelLensShare.appex in Embed App Extensions */,
			);
			name = "Embed App Extensions";
			runOnlyForDeploymentPostprocessing = 0;
		};
/* End PBXCopyFilesBuildPhase section */

/* Begin PBXFileReference section */
		917E8CAA2F7B4E140077CE0A /* AppIcon.icon */ = {isa = PBXFileReference; lastKnownFileType = folder.iconcomposer.icon; path = AppIcon.icon; sourceTree = "<group>"; };
		F00000000000000000000001 /* Sources/App/PreBabelLensApp.swift */ = {isa = PBXFileReference; lastKnownFileType = sourcecode.swift; path = Sources/App/PreBabelLensApp.swift; sourceTree = SOURCE_ROOT; };
		F00000000000000000000002 /* Sources/Domain/TranslationModels.swift */ = {isa = PBXFileReference; lastKnownFileType = sourcecode.swift; path = Sources/Domain/TranslationModels.swift; sourceTree = SOURCE_ROOT; };
		F00000000000000000000003 /* Sources/Domain/TranslationProtocols.swift */ = {isa = PBXFileReference; lastKnownFileType = sourcecode.swift; path = Sources/Domain/TranslationProtocols.swift; sourceTree = SOURCE_ROOT; };
		F00000000000000000000004 /* Sources/Engines/Preprocess/DeterministicPreprocessEngine.swift */ = {isa = PBXFileReference; lastKnownFileType = sourcecode.swift; path = Sources/Engines/Preprocess/DeterministicPreprocessEngine.swift; sourceTree = SOURCE_ROOT; };
		F00000000000000000000005 /* Sources/Engines/Translation/FoundationModelsTranslationEngine.swift */ = {isa = PBXFileReference; lastKnownFileType = sourcecode.swift; path = Sources/Engines/Translation/FoundationModelsTranslationEngine.swift; sourceTree = SOURCE_ROOT; };
		F00000000000000000000006 /* Sources/Engines/Translation/PlaceholderTranslationEngines.swift */ = {isa = PBXFileReference; lastKnownFileType = sourcecode.swift; path = Sources/Engines/Translation/PlaceholderTranslationEngines.swift; sourceTree = SOURCE_ROOT; };
		F00000000000000000000007 /* Sources/Features/Translation/TranslationView.swift */ = {isa = PBXFileReference; lastKnownFileType = sourcecode.swift; path = Sources/Features/Translation/TranslationView.swift; sourceTree = SOURCE_ROOT; };
		F00000000000000000000008 /* Sources/Features/Translation/TranslationViewModel.swift */ = {isa = PBXFileReference; lastKnownFileType = sourcecode.swift; path = Sources/Features/Translation/TranslationViewModel.swift; sourceTree = SOURCE_ROOT; };
		F00000000000000000000009 /* Sources/Services/AppleIntelligenceLanguageCatalog.swift */ = {isa = PBXFileReference; lastKnownFileType = sourcecode.swift; path = Sources/Services/AppleIntelligenceLanguageCatalog.swift; sourceTree = SOURCE_ROOT; };
		F0000000000000000000000A /* Sources/Services/ClipboardDoubleCopyDetector.swift */ = {isa = PBXFileReference; lastKnownFileType = sourcecode.swift; path = Sources/Services/ClipboardDoubleCopyDetector.swift; sourceTree = SOURCE_ROOT; };
		F0000000000000000000000B /* Sources/Services/EnginePolicies.swift */ = {isa = PBXFileReference; lastKnownFileType = sourcecode.swift; path = Sources/Services/EnginePolicies.swift; sourceTree = SOURCE_ROOT; };
		F0000000000000000000000C /* Sources/Services/TranslationOrchestrator.swift */ = {isa = PBXFileReference; lastKnownFileType = sourcecode.swift; path = Sources/Services/TranslationOrchestrator.swift; sourceTree = SOURCE_ROOT; };
		F0000000000000000000000D /* iOSApp/Info.plist */ = {isa = PBXFileReference; lastKnownFileType = text.plist.xml; path = iOSApp/Info.plist; sourceTree = SOURCE_ROOT; };
		F0000000000000000000000E /* PreBabelLensiOS.app */ = {isa = PBXFileReference; explicitFileType = wrapper.application; includeInIndex = 0; path = PreBabelLensiOS.app; sourceTree = BUILT_PRODUCTS_DIR; };
		F0000000000000000000000F /* iOSApp/AppDelegate.swift */ = {isa = PBXFileReference; lastKnownFileType = sourcecode.swift; path = iOSApp/AppDelegate.swift; sourceTree = SOURCE_ROOT; };
		F00000000000000000000010 /* iOSApp/TranslationViewController.swift */ = {isa = PBXFileReference; lastKnownFileType = sourcecode.swift; path = iOSApp/TranslationViewController.swift; sourceTree = SOURCE_ROOT; };
		F00000000000000000000011 /* iOSApp/Base.lproj/Main.storyboard */ = {isa = PBXFileReference; lastKnownFileType = file.storyboard; path = iOSApp/Base.lproj/Main.storyboard; sourceTree = SOURCE_ROOT; };
		F00000000000000000000012 /* iOSApp/SceneDelegate.swift */ = {isa = PBXFileReference; lastKnownFileType = sourcecode.swift; path = iOSApp/SceneDelegate.swift; sourceTree = SOURCE_ROOT; };
		F00000000000000000000013 /* iOSApp/Base.lproj/LaunchScreen.storyboard */ = {isa = PBXFileReference; lastKnownFileType = file.storyboard; path = iOSApp/Base.lproj/LaunchScreen.storyboard; sourceTree = SOURCE_ROOT; };
		F00000000000000000000014 /* iOSApp/Settings.bundle */ = {isa = PBXFileReference; lastKnownFileType = "wrapper.plug-in"; path = iOSApp/Settings.bundle; sourceTree = SOURCE_ROOT; };
		F00000000000000000000015 /* iOSApp/Shared/SharedImportStore.swift */ = {isa = PBXFileReference; lastKnownFileType = sourcecode.swift; path = iOSApp/Shared/SharedImportStore.swift; sourceTree = SOURCE_ROOT; };
		F00000000000000000000016 /* iOSApp/PreBabelLensiOS.entitlements */ = {isa = PBXFileReference; lastKnownFileType = text.plist.entitlements; path = iOSApp/PreBabelLensiOS.entitlements; sourceTree = SOURCE_ROOT; };
		F00000000000000000000017 /* iOSShareExtension/Info.plist */ = {isa = PBXFileReference; lastKnownFileType = text.plist.xml; path = iOSShareExtension/Info.plist; sourceTree = SOURCE_ROOT; };
		F00000000000000000000018 /* iOSShareExtension/ShareViewController.swift */ = {isa = PBXFileReference; lastKnownFileType = sourcecode.swift; path = iOSShareExtension/ShareViewController.swift; sourceTree = SOURCE_ROOT; };
		F00000000000000000000019 /* iOSShareExtension/PreBabelLensShare.entitlements */ = {isa = PBXFileReference; lastKnownFileType = text.plist.entitlements; path = iOSShareExtension/PreBabelLensShare.entitlements; sourceTree = SOURCE_ROOT; };
		F0000000000000000000001B /* PreBabelLensShare.appex */ = {isa = PBXFileReference; explicitFileType = "wrapper.app-extension"; includeInIndex = 0; path = PreBabelLensShare.appex; sourceTree = BUILT_PRODUCTS_DIR; };
/* End PBXFileReference section */

/* Begin PBXFrameworksBuildPhase section */
		P00000000000000000000001 /* Frameworks */ = {
			isa = PBXFrameworksBuildPhase;
			buildActionMask = 2147483647;
			files = (
			);
			runOnlyForDeploymentPostprocessing = 0;
		};
		P00000000000000000000005 /* Frameworks */ = {
			isa = PBXFrameworksBuildPhase;
			buildActionMask = 2147483647;
			files = (
			);
			runOnlyForDeploymentPostprocessing = 0;
		};
/* End PBXFrameworksBuildPhase section */

/* Begin PBXGroup section */
		G00000000000000000000001 = {
			isa = PBXGroup;
			children = (
				G00000000000000000000002,
				G00000000000000000000003,
				G00000000000000000000004 /* Products */,
			);
			sourceTree = "<group>";
		};
		G00000000000000000000002 = {
			isa = PBXGroup;
			children = (
				F00000000000000000000001 /* Sources/App/PreBabelLensApp.swift */,
				F00000000000000000000002 /* Sources/Domain/TranslationModels.swift */,
				F00000000000000000000003 /* Sources/Domain/TranslationProtocols.swift */,
				F00000000000000000000004 /* Sources/Engines/Preprocess/DeterministicPreprocessEngine.swift */,
				F00000000000000000000005 /* Sources/Engines/Translation/FoundationModelsTranslationEngine.swift */,
				F00000000000000000000006 /* Sources/Engines/Translation/PlaceholderTranslationEngines.swift */,
				F00000000000000000000007 /* Sources/Features/Translation/TranslationView.swift */,
				F00000000000000000000008 /* Sources/Features/Translation/TranslationViewModel.swift */,
				F00000000000000000000009 /* Sources/Services/AppleIntelligenceLanguageCatalog.swift */,
				F0000000000000000000000A /* Sources/Services/ClipboardDoubleCopyDetector.swift */,
				F0000000000000000000000B /* Sources/Services/EnginePolicies.swift */,
				F0000000000000000000000C /* Sources/Services/TranslationOrchestrator.swift */,
			);
			sourceTree = "<group>";
		};
		G00000000000000000000003 = {
			isa = PBXGroup;
			children = (
				F0000000000000000000000D /* iOSApp/Info.plist */,
				F00000000000000000000016 /* iOSApp/PreBabelLensiOS.entitlements */,
				F0000000000000000000000F /* iOSApp/AppDelegate.swift */,
				F00000000000000000000012 /* iOSApp/SceneDelegate.swift */,
				F00000000000000000000010 /* iOSApp/TranslationViewController.swift */,
				F00000000000000000000015 /* iOSApp/Shared/SharedImportStore.swift */,
				F00000000000000000000011 /* iOSApp/Base.lproj/Main.storyboard */,
				F00000000000000000000013 /* iOSApp/Base.lproj/LaunchScreen.storyboard */,
				917E8CAA2F7B4E140077CE0A /* AppIcon.icon */,
				F00000000000000000000014 /* iOSApp/Settings.bundle */,
				F00000000000000000000017 /* iOSShareExtension/Info.plist */,
				F00000000000000000000018 /* iOSShareExtension/ShareViewController.swift */,
				F00000000000000000000019 /* iOSShareExtension/PreBabelLensShare.entitlements */,
			);
			sourceTree = "<group>";
		};
		G00000000000000000000004 /* Products */ = {
			isa = PBXGroup;
			children = (
				F0000000000000000000000E /* PreBabelLensiOS.app */,
				F0000000000000000000001B /* PreBabelLensShare.appex */,
			);
			name = Products;
			sourceTree = "<group>";
		};
/* End PBXGroup section */

/* Begin PBXNativeTarget section */
		T00000000000000000000001 /* PreBabelLensiOS */ = {
			isa = PBXNativeTarget;
			buildConfigurationList = C00000000000000000000004 /* Build configuration list for PBXNativeTarget "PreBabelLensiOS" */;
			buildPhases = (
				P00000000000000000000003 /* Sources */,
				P00000000000000000000001 /* Frameworks */,
				P00000000000000000000002 /* Resources */,
				P00000000000000000000004 /* Embed App Extensions */,
			);
			buildRules = (
			);
			dependencies = (
				D00000000000000000000001 /* PBXTargetDependency */,
			);
			name = PreBabelLensiOS;
			productName = PreBabelLensiOS;
			productReference = F0000000000000000000000E /* PreBabelLensiOS.app */;
			productType = "com.apple.product-type.application";
		};
		T00000000000000000000002 /* PreBabelLensShare */ = {
			isa = PBXNativeTarget;
			buildConfigurationList = C00000000000000000000007 /* Build configuration list for PBXNativeTarget "PreBabelLensShare" */;
			buildPhases = (
				P00000000000000000000007 /* Sources */,
				P00000000000000000000005 /* Frameworks */,
				P00000000000000000000006 /* Resources */,
			);
			buildRules = (
			);
			dependencies = (
			);
			name = PreBabelLensShare;
			productName = PreBabelLensShare;
			productReference = F0000000000000000000001B /* PreBabelLensShare.appex */;
			productType = "com.apple.product-type.app-extension";
		};
/* End PBXNativeTarget section */

/* Begin PBXProject section */
		R00000000000000000000001 /* Project object */ = {
			isa = PBXProject;
			attributes = {
				BuildIndependentTargetsInParallel = 1;
				LastSwiftUpdateCheck = 2600;
				LastUpgradeCheck = 2630;
				ORGANIZATIONNAME = "Taiyo Fujii";
				TargetAttributes = {
					T00000000000000000000001 = {
						CreatedOnToolsVersion = 26.3;
					};
					T00000000000000000000002 = {
						CreatedOnToolsVersion = 26.3;
					};
				};
			};
			buildConfigurationList = C00000000000000000000001 /* Build configuration list for PBXProject "PreBabelLensiOS" */;
			developmentRegion = en;
			hasScannedForEncodings = 0;
			knownRegions = (
				en,
				ja,
				Base,
			);
			mainGroup = G00000000000000000000001;
			minimizedProjectReferenceProxies = 1;
			preferredProjectObjectVersion = 77;
			productRefGroup = G00000000000000000000004 /* Products */;
			projectDirPath = "";
			projectRoot = "";
			targets = (
				T00000000000000000000001 /* PreBabelLensiOS */,
				T00000000000000000000002 /* PreBabelLensShare */,
			);
		};
/* End PBXProject section */

/* Begin PBXResourcesBuildPhase section */
		P00000000000000000000002 /* Resources */ = {
			isa = PBXResourcesBuildPhase;
			buildActionMask = 2147483647;
			files = (
				B00000000000000000000013 /* iOSApp/Base.lproj/LaunchScreen.storyboard in Resources */,
				917E8CAC2F7B4E140077CE0A /* AppIcon.icon in Resources */,
				B00000000000000000000014 /* iOSApp/Settings.bundle in Resources */,
			);
			runOnlyForDeploymentPostprocessing = 0;
		};
		P00000000000000000000006 /* Resources */ = {
			isa = PBXResourcesBuildPhase;
			buildActionMask = 2147483647;
			files = (
				917E8CAB2F7B4E140077CE0A /* AppIcon.icon in Resources */,
			);
			runOnlyForDeploymentPostprocessing = 0;
		};
/* End PBXResourcesBuildPhase section */

/* Begin PBXSourcesBuildPhase section */
		P00000000000000000000003 /* Sources */ = {
			isa = PBXSourcesBuildPhase;
			buildActionMask = 2147483647;
			files = (
				B00000000000000000000001 /* Sources/App/PreBabelLensApp.swift in Sources */,
				B00000000000000000000002 /* Sources/Domain/TranslationModels.swift in Sources */,
				B00000000000000000000003 /* Sources/Domain/TranslationProtocols.swift in Sources */,
				B00000000000000000000004 /* Sources/Engines/Preprocess/DeterministicPreprocessEngine.swift in Sources */,
				B00000000000000000000005 /* Sources/Engines/Translation/FoundationModelsTranslationEngine.swift in Sources */,
				B00000000000000000000006 /* Sources/Engines/Translation/PlaceholderTranslationEngines.swift in Sources */,
				B00000000000000000000007 /* Sources/Features/Translation/TranslationView.swift in Sources */,
				B00000000000000000000008 /* Sources/Features/Translation/TranslationViewModel.swift in Sources */,
				B00000000000000000000009 /* Sources/Services/AppleIntelligenceLanguageCatalog.swift in Sources */,
				B00000000000000000000010 /* Sources/Services/ClipboardDoubleCopyDetector.swift in Sources */,
				B00000000000000000000011 /* Sources/Services/EnginePolicies.swift in Sources */,
				B00000000000000000000012 /* Sources/Services/TranslationOrchestrator.swift in Sources */,
				B00000000000000000000015 /* iOSApp/Shared/SharedImportStore.swift in Sources */,
			);
			runOnlyForDeploymentPostprocessing = 0;
		};
		P00000000000000000000007 /* Sources */ = {
			isa = PBXSourcesBuildPhase;
			buildActionMask = 2147483647;
			files = (
				B00000000000000000000016 /* iOSShareExtension/ShareViewController.swift in Sources */,
				B00000000000000000000017 /* iOSApp/Shared/SharedImportStore.swift in Sources */,
			);
			runOnlyForDeploymentPostprocessing = 0;
		};
/* End PBXSourcesBuildPhase section */

/* Begin PBXTargetDependency section */
		D00000000000000000000001 /* PBXTargetDependency */ = {
			isa = PBXTargetDependency;
			target = T00000000000000000000002 /* PreBabelLensShare */;
			targetProxy = X00000000000000000000001 /* PBXContainerItemProxy */;
		};
/* End PBXTargetDependency section */

/* Begin XCBuildConfiguration section */
		C00000000000000000000002 /* Debug */ = {
			isa = XCBuildConfiguration;
			buildSettings = {
				ALWAYS_SEARCH_USER_PATHS = NO;
				CLANG_ANALYZER_LOCALIZABILITY_NONLOCALIZED = YES;
				CLANG_ENABLE_MODULES = YES;
				CLANG_ENABLE_OBJC_ARC = YES;
				CLANG_WARN_BLOCK_CAPTURE_AUTORELEASING = YES;
				CLANG_WARN_BOOL_CONVERSION = YES;
				CLANG_WARN_COMMA = YES;
				CLANG_WARN_CONSTANT_CONVERSION = YES;
				CLANG_WARN_DEPRECATED_OBJC_IMPLEMENTATIONS = YES;
				CLANG_WARN_DOCUMENTATION_COMMENTS = YES;
				CLANG_WARN_EMPTY_BODY = YES;
				CLANG_WARN_ENUM_CONVERSION = YES;
				CLANG_WARN_INFINITE_RECURSION = YES;
				CLANG_WARN_INT_CONVERSION = YES;
				CLANG_WARN_NON_LITERAL_NULL_CONVERSION = YES;
				CLANG_WARN_OBJC_IMPLICIT_RETAIN_SELF = YES;
				CLANG_WARN_OBJC_LITERAL_CONVERSION = YES;
				CLANG_WARN_QUOTED_INCLUDE_IN_FRAMEWORK_HEADER = YES;
				CLANG_WARN_RANGE_LOOP_ANALYSIS = YES;
				CLANG_WARN_STRICT_PROTOTYPES = YES;
				CLANG_WARN_SUSPICIOUS_MOVE = YES;
				CLANG_WARN_UNGUARDED_AVAILABILITY = YES_AGGRESSIVE;
				CLANG_WARN_UNREACHABLE_CODE = YES;
				CLANG_WARN__DUPLICATE_METHOD_MATCH = YES;
				COPY_PHASE_STRIP = NO;
				DEBUG_INFORMATION_FORMAT = dwarf;
				ENABLE_STRICT_OBJC_MSGSEND = YES;
				ENABLE_TESTABILITY = YES;
				ENABLE_USER_SCRIPT_SANDBOXING = YES;
				GCC_C_LANGUAGE_STANDARD = gnu17;
				GCC_NO_COMMON_BLOCKS = YES;
				GCC_OPTIMIZATION_LEVEL = 0;
				GCC_PREPROCESSOR_DEFINITIONS = (
					"DEBUG=1",
					"$(inherited)",
				);
				GCC_WARN_64_TO_32_BIT_CONVERSION = YES;
				GCC_WARN_ABOUT_RETURN_TYPE = YES;
				GCC_WARN_UNDECLARED_SELECTOR = YES;
				GCC_WARN_UNINITIALIZED_AUTOS = YES;
				GCC_WARN_UNUSED_FUNCTION = YES;
				GCC_WARN_UNUSED_VARIABLE = YES;
				IPHONEOS_DEPLOYMENT_TARGET = 17.0;
				ONLY_ACTIVE_ARCH = YES;
				SDKROOT = iphoneos;
				STRING_CATALOG_GENERATE_SYMBOLS = YES;
				SWIFT_ACTIVE_COMPILATION_CONDITIONS = DEBUG;
				SWIFT_OPTIMIZATION_LEVEL = "-Onone";
			};
			name = Debug;
		};
		C00000000000000000000003 /* Release */ = {
			isa = XCBuildConfiguration;
			buildSettings = {
				ALWAYS_SEARCH_USER_PATHS = NO;
				CLANG_ANALYZER_LOCALIZABILITY_NONLOCALIZED = YES;
				CLANG_ENABLE_MODULES = YES;
				CLANG_ENABLE_OBJC_ARC = YES;
				CLANG_WARN_BLOCK_CAPTURE_AUTORELEASING = YES;
				CLANG_WARN_BOOL_CONVERSION = YES;
				CLANG_WARN_COMMA = YES;
				CLANG_WARN_CONSTANT_CONVERSION = YES;
				CLANG_WARN_DEPRECATED_OBJC_IMPLEMENTATIONS = YES;
				CLANG_WARN_DOCUMENTATION_COMMENTS = YES;
				CLANG_WARN_EMPTY_BODY = YES;
				CLANG_WARN_ENUM_CONVERSION = YES;
				CLANG_WARN_INFINITE_RECURSION = YES;
				CLANG_WARN_INT_CONVERSION = YES;
				CLANG_WARN_NON_LITERAL_NULL_CONVERSION = YES;
				CLANG_WARN_OBJC_IMPLICIT_RETAIN_SELF = YES;
				CLANG_WARN_OBJC_LITERAL_CONVERSION = YES;
				CLANG_WARN_QUOTED_INCLUDE_IN_FRAMEWORK_HEADER = YES;
				CLANG_WARN_RANGE_LOOP_ANALYSIS = YES;
				CLANG_WARN_STRICT_PROTOTYPES = YES;
				CLANG_WARN_SUSPICIOUS_MOVE = YES;
				CLANG_WARN_UNGUARDED_AVAILABILITY = YES_AGGRESSIVE;
				CLANG_WARN_UNREACHABLE_CODE = YES;
				CLANG_WARN__DUPLICATE_METHOD_MATCH = YES;
				COPY_PHASE_STRIP = NO;
				DEBUG_INFORMATION_FORMAT = "dwarf-with-dsym";
				ENABLE_NS_ASSERTIONS = NO;
				ENABLE_STRICT_OBJC_MSGSEND = YES;
				ENABLE_USER_SCRIPT_SANDBOXING = YES;
				GCC_C_LANGUAGE_STANDARD = gnu17;
				GCC_NO_COMMON_BLOCKS = YES;
				GCC_WARN_64_TO_32_BIT_CONVERSION = YES;
				GCC_WARN_ABOUT_RETURN_TYPE = YES;
				GCC_WARN_UNDECLARED_SELECTOR = YES;
				GCC_WARN_UNINITIALIZED_AUTOS = YES;
				GCC_WARN_UNUSED_FUNCTION = YES;
				GCC_WARN_UNUSED_VARIABLE = YES;
				IPHONEOS_DEPLOYMENT_TARGET = 17.0;
				SDKROOT = iphoneos;
				STRING_CATALOG_GENERATE_SYMBOLS = YES;
				SWIFT_COMPILATION_MODE = wholemodule;
				SWIFT_OPTIMIZATION_LEVEL = "-O";
			};
			name = Release;
		};
		C00000000000000000000005 /* Debug */ = {
			isa = XCBuildConfiguration;
			buildSettings = {
				ASSETCATALOG_COMPILER_APPICON_NAME = AppIcon;
				CODE_SIGN_ENTITLEMENTS = iOSApp/PreBabelLensiOS.entitlements;
				CODE_SIGN_IDENTITY = "Apple Development";
				CODE_SIGN_STYLE = Automatic;
				CURRENT_PROJECT_VERSION = 1;
				DEVELOPMENT_TEAM = ZLQNS38K47;
				GENERATE_INFOPLIST_FILE = NO;
				INFOPLIST_FILE = iOSApp/Info.plist;
				INFOPLIST_KEY_UIApplicationSupportsIndirectInputEvents = YES;
				IPHONEOS_DEPLOYMENT_TARGET = 17.0;
				LD_RUNPATH_SEARCH_PATHS = (
					"$(inherited)",
					"@executable_path/Frameworks",
				);
				MARKETING_VERSION = 0.6.0;
				PRODUCT_BUNDLE_IDENTIFIER = com.ttrace.prebabellens.ios;
				PRODUCT_NAME = "$(TARGET_NAME)";
				PROVISIONING_PROFILE_SPECIFIER = "";
				SUPPORTED_PLATFORMS = "iphoneos iphonesimulator";
				SWIFT_EMIT_LOC_STRINGS = YES;
				SWIFT_VERSION = 6.0;
				TARGETED_DEVICE_FAMILY = 1;
			};
			name = Debug;
		};
		C00000000000000000000006 /* Release */ = {
			isa = XCBuildConfiguration;
			buildSettings = {
				ASSETCATALOG_COMPILER_APPICON_NAME = AppIcon;
				CODE_SIGN_ENTITLEMENTS = iOSApp/PreBabelLensiOS.entitlements;
				CODE_SIGN_IDENTITY = "Apple Development";
				CODE_SIGN_STYLE = Automatic;
				CURRENT_PROJECT_VERSION = 1;
				DEVELOPMENT_TEAM = ZLQNS38K47;
				GENERATE_INFOPLIST_FILE = NO;
				INFOPLIST_FILE = iOSApp/Info.plist;
				INFOPLIST_KEY_UIApplicationSupportsIndirectInputEvents = YES;
				IPHONEOS_DEPLOYMENT_TARGET = 17.0;
				LD_RUNPATH_SEARCH_PATHS = (
					"$(inherited)",
					"@executable_path/Frameworks",
				);
				MARKETING_VERSION = 0.6.0;
				PRODUCT_BUNDLE_IDENTIFIER = com.ttrace.prebabellens.ios;
				PRODUCT_NAME = "$(TARGET_NAME)";
				PROVISIONING_PROFILE_SPECIFIER = "";
				SUPPORTED_PLATFORMS = "iphoneos iphonesimulator";
				SWIFT_EMIT_LOC_STRINGS = YES;
				SWIFT_VERSION = 6.0;
				TARGETED_DEVICE_FAMILY = 1;
			};
			name = Release;
		};
		C00000000000000000000008 /* Debug */ = {
			isa = XCBuildConfiguration;
			buildSettings = {
				CODE_SIGN_ENTITLEMENTS = iOSShareExtension/PreBabelLensShare.entitlements;
				CODE_SIGN_STYLE = Automatic;
				CURRENT_PROJECT_VERSION = 1;
				DEVELOPMENT_TEAM = ZLQNS38K47;
				GENERATE_INFOPLIST_FILE = NO;
				INFOPLIST_FILE = iOSShareExtension/Info.plist;
				IPHONEOS_DEPLOYMENT_TARGET = 17.0;
				LD_RUNPATH_SEARCH_PATHS = (
					"$(inherited)",
					"@executable_path/Frameworks",
					"@executable_path/../../Frameworks",
				);
				MARKETING_VERSION = 0.6.0;
				PRODUCT_BUNDLE_IDENTIFIER = com.ttrace.prebabellens.ios.share;
				PRODUCT_NAME = "$(TARGET_NAME)";
				SKIP_INSTALL = YES;
				SUPPORTED_PLATFORMS = "iphoneos iphonesimulator";
				SWIFT_EMIT_LOC_STRINGS = YES;
				SWIFT_VERSION = 6.0;
				TARGETED_DEVICE_FAMILY = 1;
			};
			name = Debug;
		};
		C00000000000000000000009 /* Release */ = {
			isa = XCBuildConfiguration;
			buildSettings = {
				CODE_SIGN_ENTITLEMENTS = iOSShareExtension/PreBabelLensShare.entitlements;
				CODE_SIGN_STYLE = Automatic;
				CURRENT_PROJECT_VERSION = 1;
				DEVELOPMENT_TEAM = ZLQNS38K47;
				GENERATE_INFOPLIST_FILE = NO;
				INFOPLIST_FILE = iOSShareExtension/Info.plist;
				IPHONEOS_DEPLOYMENT_TARGET = 17.0;
				LD_RUNPATH_SEARCH_PATHS = (
					"$(inherited)",
					"@executable_path/Frameworks",
					"@executable_path/../../Frameworks",
				);
				MARKETING_VERSION = 0.6.0;
				PRODUCT_BUNDLE_IDENTIFIER = com.ttrace.prebabellens.ios.share;
				PRODUCT_NAME = "$(TARGET_NAME)";
				SKIP_INSTALL = YES;
				SUPPORTED_PLATFORMS = "iphoneos iphonesimulator";
				SWIFT_EMIT_LOC_STRINGS = YES;
				SWIFT_VERSION = 6.0;
				TARGETED_DEVICE_FAMILY = 1;
			};
			name = Release;
		};
/* End XCBuildConfiguration section */

/* Begin XCConfigurationList section */
		C00000000000000000000001 /* Build configuration list for PBXProject "PreBabelLensiOS" */ = {
			isa = XCConfigurationList;
			buildConfigurations = (
				C00000000000000000000002 /* Debug */,
				C00000000000000000000003 /* Release */,
			);
			defaultConfigurationIsVisible = 0;
			defaultConfigurationName = Release;
		};
		C00000000000000000000004 /* Build configuration list for PBXNativeTarget "PreBabelLensiOS" */ = {
			isa = XCConfigurationList;
			buildConfigurations = (
				C00000000000000000000005 /* Debug */,
				C00000000000000000000006 /* Release */,
			);
			defaultConfigurationIsVisible = 0;
			defaultConfigurationName = Release;
		};
		C00000000000000000000007 /* Build configuration list for PBXNativeTarget "PreBabelLensShare" */ = {
			isa = XCConfigurationList;
			buildConfigurations = (
				C00000000000000000000008 /* Debug */,
				C00000000000000000000009 /* Release */,
			);
			defaultConfigurationIsVisible = 0;
			defaultConfigurationName = Release;
		};
/* End XCConfigurationList section */
	};
	rootObject = R00000000000000000000001 /* Project object */;
}
